
Microsoft Visual Studio Solution File, Format Version 12.00
# Visual Studio Version 17
VisualStudioVersion = 17.9.34701.34
MinimumVisualStudioVersion = 10.0.40219.1
Project("{FAE04EC0-301F-11D3-BF4B-00C04F79EFBC}") = "PRACTICAS", "PRACTICAS.csproj", "{CEF726D8-72EC-46D4-A0FA-988BA7E30DE9}"
EndProject
Global
	GlobalSection(SolutionConfigurationPlatforms) = preSolution
		Debug|Any CPU = Debug|Any CPU
		Release|Any CPU = Release|Any CPU
	EndGlobalSection
	GlobalSection(ProjectConfigurationPlatforms) = postSolution
		{CEF726D8-72EC-46D4-A0FA-988BA7E30DE9}.Debug|Any CPU.ActiveCfg = Debug|Any CPU
		{CEF726D8-72EC-46D4-A0FA-988BA7E30DE9}.Debug|Any CPU.Build.0 = Debug|Any CPU
		{CEF726D8-72EC-46D4-A0FA-988BA7E30DE9}.Release|Any CPU.ActiveCfg = Release|Any CPU
		{CEF726D8-72EC-46D4-A0FA-988BA7E30DE9}.Release|Any CPU.Build.0 = Release|Any CPU
	EndGlobalSection
	GlobalSection(SolutionProperties) = preSolution
		HideSolutionNode = FALSE
	EndGlobalSection
	GlobalSection(ExtensibilityGlobals) = postSolution
		SolutionGuid = {3D573797-0603-47B4-866C-01BA7D372C2F}
	EndGlobalSection
EndGlobal
