
Microsoft Visual Studio Solution File, Format Version 12.00
# Visual Studio Version 17
VisualStudioVersion = 17.9.34701.34
MinimumVisualStudioVersion = 10.0.40219.1
Project("{FAE04EC0-301F-11D3-BF4B-00C04F79EFBC}") = "ARRAYS", "ARRAYS.csproj", "{B0F69BAA-D45A-4B71-99C7-1DE466CE8283}"
EndProject
Global
	GlobalSection(SolutionConfigurationPlatforms) = preSolution
		Debug|Any CPU = Debug|Any CPU
		Release|Any CPU = Release|Any CPU
	EndGlobalSection
	GlobalSection(ProjectConfigurationPlatforms) = postSolution
		{B0F69BAA-D45A-4B71-99C7-1DE466CE8283}.Debug|Any CPU.ActiveCfg = Debug|Any CPU
		{B0F69BAA-D45A-4B71-99C7-1DE466CE8283}.Debug|Any CPU.Build.0 = Debug|Any CPU
		{B0F69BAA-D45A-4B71-99C7-1DE466CE8283}.Release|Any CPU.ActiveCfg = Release|Any CPU
		{B0F69BAA-D45A-4B71-99C7-1DE466CE8283}.Release|Any CPU.Build.0 = Release|Any CPU
	EndGlobalSection
	GlobalSection(SolutionProperties) = preSolution
		HideSolutionNode = FALSE
	EndGlobalSection
	GlobalSection(ExtensibilityGlobals) = postSolution
		SolutionGuid = {6BB48CEE-3411-4B81-9924-C0FA8AC11529}
	EndGlobalSection
EndGlobal
