
Microsoft Visual Studio Solution File, Format Version 12.00
# Visual Studio Version 17
VisualStudioVersion = 17.9.34701.34
MinimumVisualStudioVersion = 10.0.40219.1
Project("{2150E333-8FDC-42A3-9474-1A3956D46DE8}") = "01", "01", "{34B42DA5-1BB3-4308-8A0E-E168EF8AD6A6}"
EndProject
Project("{FAE04EC0-301F-11D3-BF4B-00C04F79EFBC}") = "PedirDatos", "..\PedirDatos\PedirDatos.csproj", "{D85094C7-0812-4188-B406-389010704CEE}"
EndProject
Global
	GlobalSection(SolutionConfigurationPlatforms) = preSolution
		Debug|Any CPU = Debug|Any CPU
		Release|Any CPU = Release|Any CPU
	EndGlobalSection
	GlobalSection(ProjectConfigurationPlatforms) = postSolution
		{D85094C7-0812-4188-B406-389010704CEE}.Debug|Any CPU.ActiveCfg = Debug|Any CPU
		{D85094C7-0812-4188-B406-389010704CEE}.Debug|Any CPU.Build.0 = Debug|Any CPU
		{D85094C7-0812-4188-B406-389010704CEE}.Release|Any CPU.ActiveCfg = Release|Any CPU
		{D85094C7-0812-4188-B406-389010704CEE}.Release|Any CPU.Build.0 = Release|Any CPU
	EndGlobalSection
	GlobalSection(SolutionProperties) = preSolution
		HideSolutionNode = FALSE
	EndGlobalSection
	GlobalSection(NestedProjects) = preSolution
		{D85094C7-0812-4188-B406-389010704CEE} = {34B42DA5-1BB3-4308-8A0E-E168EF8AD6A6}
	EndGlobalSection
	GlobalSection(ExtensibilityGlobals) = postSolution
		SolutionGuid = {1CE0CF3E-C94A-4740-B5EB-7FF593867D0B}
	EndGlobalSection
EndGlobal
